
Microsoft Visual Studio Solution File, Format Version 12.00
# Visual Studio Version 17
VisualStudioVersion = 17.12.35707.178
MinimumVisualStudioVersion = 10.0.40219.1
Project("{FAE04EC0-301F-11D3-BF4B-00C04F79EFBC}") = "ToDoApp.API", "TodoApp.API\ToDoApp.API.csproj", "{35AEFF16-6CF3-484D-83E6-BF69D8BE2FD5}"
EndProject
Project("{FAE04EC0-301F-11D3-BF4B-00C04F79EFBC}") = "ToDoApp.Application", "ToDoApp.Application\ToDoApp.Application.csproj", "{51724C12-01AC-486A-B652-5CF0339231A1}"
EndProject
Project("{FAE04EC0-301F-11D3-BF4B-00C04F79EFBC}") = "ToDoApp.Domain", "ToDoApp.Domain\ToDoApp.Domain.csproj", "{678AB51A-21F5-4F23-A7DE-B5E30ACB5B19}"
EndProject
Project("{FAE04EC0-301F-11D3-BF4B-00C04F79EFBC}") = "ToDoApp.Inftrastructure", "ToDoApp.Inftrastructure\ToDoApp.Inftrastructure.csproj", "{FAC0443C-3CC7-4589-9AE2-ECD9E2539E12}"
EndProject
Project("{FAE04EC0-301F-11D3-BF4B-00C04F79EFBC}") = "TestProject", "TestProject\TestProject.csproj", "{A1C093A1-2898-405A-95ED-471A19FA7FD2}"
EndProject
Global
	GlobalSection(SolutionConfigurationPlatforms) = preSolution
		Debug|Any CPU = Debug|Any CPU
		Release|Any CPU = Release|Any CPU
	EndGlobalSection
	GlobalSection(ProjectConfigurationPlatforms) = postSolution
		{35AEFF16-6CF3-484D-83E6-BF69D8BE2FD5}.Debug|Any CPU.ActiveCfg = Debug|Any CPU
		{35AEFF16-6CF3-484D-83E6-BF69D8BE2FD5}.Debug|Any CPU.Build.0 = Debug|Any CPU
		{35AEFF16-6CF3-484D-83E6-BF69D8BE2FD5}.Release|Any CPU.ActiveCfg = Release|Any CPU
		{35AEFF16-6CF3-484D-83E6-BF69D8BE2FD5}.Release|Any CPU.Build.0 = Release|Any CPU
		{51724C12-01AC-486A-B652-5CF0339231A1}.Debug|Any CPU.ActiveCfg = Debug|Any CPU
		{51724C12-01AC-486A-B652-5CF0339231A1}.Debug|Any CPU.Build.0 = Debug|Any CPU
		{51724C12-01AC-486A-B652-5CF0339231A1}.Release|Any CPU.ActiveCfg = Release|Any CPU
		{51724C12-01AC-486A-B652-5CF0339231A1}.Release|Any CPU.Build.0 = Release|Any CPU
		{678AB51A-21F5-4F23-A7DE-B5E30ACB5B19}.Debug|Any CPU.ActiveCfg = Debug|Any CPU
		{678AB51A-21F5-4F23-A7DE-B5E30ACB5B19}.Debug|Any CPU.Build.0 = Debug|Any CPU
		{678AB51A-21F5-4F23-A7DE-B5E30ACB5B19}.Release|Any CPU.ActiveCfg = Release|Any CPU
		{678AB51A-21F5-4F23-A7DE-B5E30ACB5B19}.Release|Any CPU.Build.0 = Release|Any CPU
		{FAC0443C-3CC7-4589-9AE2-ECD9E2539E12}.Debug|Any CPU.ActiveCfg = Debug|Any CPU
		{FAC0443C-3CC7-4589-9AE2-ECD9E2539E12}.Debug|Any CPU.Build.0 = Debug|Any CPU
		{FAC0443C-3CC7-4589-9AE2-ECD9E2539E12}.Release|Any CPU.ActiveCfg = Release|Any CPU
		{FAC0443C-3CC7-4589-9AE2-ECD9E2539E12}.Release|Any CPU.Build.0 = Release|Any CPU
		{A1C093A1-2898-405A-95ED-471A19FA7FD2}.Debug|Any CPU.ActiveCfg = Debug|Any CPU
		{A1C093A1-2898-405A-95ED-471A19FA7FD2}.Debug|Any CPU.Build.0 = Debug|Any CPU
		{A1C093A1-2898-405A-95ED-471A19FA7FD2}.Release|Any CPU.ActiveCfg = Release|Any CPU
		{A1C093A1-2898-405A-95ED-471A19FA7FD2}.Release|Any CPU.Build.0 = Release|Any CPU
	EndGlobalSection
	GlobalSection(SolutionProperties) = preSolution
		HideSolutionNode = FALSE
	EndGlobalSection
EndGlobal
